{
  "name": "test",
  "version": "0.0.0",
  "lockfileVersion": 1,
  "requires": true,
  "dependencies": {
    "array-sort": {
      "version": "1.0.0",
      "requires": {
        "default-compare": "^1.0.0",
        "get-value": "^2.0.6",
        "kind-of": "^5.0.2"
      }
    },
    "ascii-data-table": {
      "version": "2.1.1",
      "requires": {
        "core-js": "^2.4.1"
      }
    },
    "bignumber.js": {
      "version": "2.4.0"
    },
    "canvas": {
      "version": "1.6.13",
      "requires": {
        "nan": "^2.10.0"
      }
    },
    "canvas-constructor": {
      "version": "3.0.3"
    },
    "chess.js": {
      "version": "0.10.2"
    },
    "child_process": {
      "version": "1.0.2"
    },
    "common-tags": {
      "version": "1.8.0"
    },
    "dateformat": {
      "version": "3.0.3"
    },
    "discord.js": {
      "version": "11.5.1",
      "resolved": "https://registry.npmjs.org/discord.js/-/discord.js-11.5.1.tgz",
      "integrity": "sha512-tGhV5xaZXE3Z+4uXJb3hYM6gQ1NmnSxp9PClcsSAYFVRzH6AJH74040mO3afPDMWEAlj8XsoPXXTJHTxesqcGw==",
      "requires": {
        "long": "^4.0.0",
        "prism-media": "^0.0.3",
        "snekfetch": "^3.6.4",
        "tweetnacl": "^1.0.0",
        "ws": "^6.0.0"
      }
    },
    "discord.js-musicbot-addon": {
      "version": "1.10.3",
      "requires": {
        "youtube-audio-stream": "0.0.50",
        "youtube-playlist-info": "^0.1.0",
        "ytdl-core": "^0.20.1",
        "ytsearcher": "^1.0.3"
      }
    },
    "eris": {
      "version": "0.8.5",
      "requires": {
        "opusscript": "^0.0.4",
        "tweetnacl": "^1.0.0",
        "ws": "^3.3.2"
      }
    },
    "express": {
      "version": "4.17.1",
      "requires": {
        "accepts": "~1.3.7",
        "array-flatten": "1.1.1",
        "body-parser": "1.19.0",
        "content-disposition": "0.5.3",
        "content-type": "~1.0.4",
        "cookie": "0.4.0",
        "cookie-signature": "1.0.6",
        "debug": "2.6.9",
        "depd": "~1.1.2",
        "encodeurl": "~1.0.2",
        "escape-html": "~1.0.3",
        "etag": "~1.8.1",
        "finalhandler": "~1.1.2",
        "fresh": "0.5.2",
        "merge-descriptors": "1.0.1",
        "methods": "~1.1.2",
        "on-finished": "~2.3.0",
        "parseurl": "~1.3.3",
        "path-to-regexp": "0.1.7",
        "proxy-addr": "~2.0.5",
        "qs": "6.7.0",
        "range-parser": "~1.2.1",
        "safe-buffer": "5.1.2",
        "send": "0.17.1",
        "serve-static": "1.14.1",
        "setprototypeof": "1.1.1",
        "statuses": "~1.5.0",
        "type-is": "~1.6.18",
        "utils-merge": "1.0.1",
        "vary": "~1.1.2"
      }
    },
    "ffmpeg": {
      "version": "0.0.4",
      "requires": {
        "when": ">= 0.0.1"
      }
    },
    "ffmpeg-binaries": {
      "version": "3.2.2"
    },
    "figlet": {
      "version": "1.2.3"
    },
    "finalhandler": {
      "version": "1.1.2",
      "requires": {
        "debug": "2.6.9",
        "encodeurl": "~1.0.2",
        "escape-html": "~1.0.3",
        "on-finished": "~2.3.0",
        "parseurl": "~1.3.3",
        "statuses": "~1.5.0",
        "unpipe": "~1.0.0"
      }
    },
    "fnpm": {
      "version": "1.5.1",
      "requires": {
        "chalk": "^2.4.2",
        "input": "^1.0.1",
        "request": "^2.88.0",
        "superagent": "^4.1.0"
      }
    },
    "forever": {
      "version": "0.15.3",
      "requires": {
        "cliff": "~0.1.9",
        "clone": "^1.0.2",
        "colors": "~0.6.2",
        "flatiron": "~0.4.2",
        "forever-monitor": "~1.7.0",
        "nconf": "~0.6.9",
        "nssocket": "~0.5.1",
        "object-assign": "^3.0.0",
        "optimist": "~0.6.0",
        "path-is-absolute": "~1.0.0",
        "prettyjson": "^1.1.2",
        "shush": "^1.0.0",
        "timespan": "~2.3.0",
        "utile": "~0.2.1",
        "winston": "~0.8.1"
      }
    },
    "fortnite": {
      "version": "3.0.1",
      "requires": {
        "snekfetch": "^3.6.3"
      }
    },
    "fs": {
      "version": "0.0.2"
    },
    "fs-nextra": {
      "version": "0.4.5"
    },
    "get-youtube-id": {
      "version": "1.0.1"
    },
    "gif-search": {
      "version": "2.1.0",
      "requires": {
        "request": "^2.81.0"
      }
    },
    "giphy-api": {
      "version": "1.2.7"
    },
    "goo.gl": {
      "version": "0.1.4",
      "requires": {
        "commander": "~2.2.0",
        "q": "~1.0.1",
        "request": "~2.40.0"
      }
    },
    "google-it": {
      "version": "1.1.3",
      "requires": {
        "cheerio": "^1.0.0-rc.2",
        "colors": "^1.1.2",
        "command-line-args": "^5.0.0",
        "ora": "^2.0.0",
        "request": "^2.81.0"
      }
    },
    "google-translate-api": {
      "version": "2.3.0",
      "requires": {
        "configstore": "^2.0.0",
        "google-translate-token": "^1.0.0",
        "got": "^6.3.0",
        "safe-eval": "^0.3.0"
      }
    },
    "hastebin-gen": {
      "version": "1.3.1",
      "requires": {
        "snekfetch": "^3.2.4"
      }
    },
    "hastebin.js": {
      "version": "0.6.0",
      "requires": {
        "node-fetch": "^2.2.0"
      }
    },
    "hh-mm-ss": {
      "version": "1.2.0",
      "requires": {
        "zero-fill": "^2.2.3"
      }
    },
    "i": {
      "version": "0.3.6"
    },
    "install": {
      "version": "0.12.2"
    },
    "isgd": {
      "version": "1.1.3"
    },
    "jimp": {
      "version": "0.2.28",
      "requires": {
        "bignumber.js": "^2.1.0",
        "bmp-js": "0.0.3",
        "es6-promise": "^3.0.2",
        "exif-parser": "^0.1.9",
        "file-type": "^3.1.0",
        "jpeg-js": "^0.2.0",
        "load-bmfont": "^1.2.3",
        "mime": "^1.3.4",
        "mkdirp": "0.5.1",
        "pixelmatch": "^4.0.0",
        "pngjs": "^3.0.0",
        "read-chunk": "^1.0.1",
        "request": "^2.65.0",
        "stream-to-buffer": "^0.1.0",
        "tinycolor2": "^1.1.2",
        "url-regex": "^3.0.0"
      }
    },
    "long": {
      "version": "4.0.0",
      "resolved": "https://registry.npmjs.org/long/-/long-4.0.0.tgz",
      "integrity": "sha512-XsP+KhQif4bjX1kbuSiySJFNAehNxgLb6hPRGJ9QsUr8ajHkuXGdrHmFUTUUXhDwVX2R5bY4JNZEwbUiMhV+MA=="
    },
    "math-expression-evaluator": {
      "version": "1.2.17"
    },
    "moment": {
      "version": "2.24.0"
    },
    "moment-duration-format": {
      "version": "2.3.2"
    },
    "ms": {
      "version": "2.1.2"
    },
    "myanimelists": {
      "version": "1.0.1",
      "requires": {
        "axios": "^0.18.0",
        "cheerio": "^1.0.0-rc.2",
        "lodash": "^4.17.10",
        "match-sorter": "^2.2.3"
      }
    },
    "node-emoji": {
      "version": "1.10.0",
      "requires": {
        "lodash.toarray": "^4.4.0"
      }
    },
    "node-fetch": {
      "version": "2.6.0",
      "resolved": "https://registry.npmjs.org/node-fetch/-/node-fetch-2.6.0.tgz",
      "integrity": "sha512-8dG4H5ujfvFiqDmVu9fQ5bOHUC15JMjMY/Zumv26oOvvVJjM67KF8koCWIabKQ1GJIa9r2mMZscBq/TbdOcmNA=="
    },
    "node-gyp": {
      "version": "3.8.0",
      "requires": {
        "fstream": "^1.0.0",
        "glob": "^7.0.3",
        "graceful-fs": "^4.1.2",
        "mkdirp": "^0.5.0",
        "nopt": "2 || 3",
        "npmlog": "0 || 1 || 2 || 3 || 4",
        "osenv": "0",
        "request": "^2.87.0",
        "rimraf": "2",
        "semver": "~5.3.0",
        "tar": "^2.0.0",
        "which": "1"
      }
    },
    "node-opus": {
      "version": "0.2.9",
      "requires": {
        "bindings": "~1.2.1",
        "commander": "^2.9.0",
        "nan": "^2.10.0",
        "ogg-packet": "^1.0.0"
      }
    },
    "node-uci": {
      "version": "1.3.1",
      "requires": {
        "babel-runtime": "6.26.0",
        "bluebird": "3.5.1",
        "debug": "3.1.0",
        "lodash": "4.17.10"
      }
    },
    "npm": {
      "version": "6.9.0",
      "requires": {
        "JSONStream": "^1.3.5",
        "abbrev": "~1.1.1",
        "ansicolors": "~0.3.2",
        "ansistyles": "~0.1.3",
        "aproba": "^2.0.0",
        "archy": "~1.0.0",
        "bin-links": "^1.1.2",
        "bluebird": "^3.5.3",
        "byte-size": "^5.0.1",
        "cacache": "^11.3.2",
        "call-limit": "~1.1.0",
        "chownr": "^1.1.1",
        "ci-info": "^2.0.0",
        "cli-columns": "^3.1.2",
        "cli-table3": "^0.5.1",
        "cmd-shim": "~2.0.2",
        "columnify": "~1.5.4",
        "config-chain": "^1.1.12",
        "debuglog": "*",
        "detect-indent": "~5.0.0",
        "detect-newline": "^2.1.0",
        "dezalgo": "~1.0.3",
        "editor": "~1.0.0",
        "figgy-pudding": "^3.5.1",
        "find-npm-prefix": "^1.0.2",
        "fs-vacuum": "~1.2.10",
        "fs-write-stream-atomic": "~1.0.10",
        "gentle-fs": "^2.0.1",
        "glob": "^7.1.3",
        "graceful-fs": "^4.1.15",
        "has-unicode": "~2.0.1",
        "hosted-git-info": "^2.7.1",
        "iferr": "^1.0.2",
        "imurmurhash": "*",
        "inflight": "~1.0.6",
        "inherits": "~2.0.3",
        "ini": "^1.3.5",
        "init-package-json": "^1.10.3",
        "is-cidr": "^3.0.0",
        "json-parse-better-errors": "^1.0.2",
        "lazy-property": "~1.0.0",
        "libcipm": "^3.0.3",
        "libnpm": "^2.0.1",
        "libnpmaccess": "*",
        "libnpmhook": "^5.0.2",
        "libnpmorg": "*",
        "libnpmsearch": "*",
        "libnpmteam": "*",
        "libnpx": "^10.2.0",
        "lock-verify": "^2.1.0",
        "lockfile": "^1.0.4",
        "lodash._baseindexof": "*",
        "lodash._baseuniq": "~4.6.0",
        "lodash._bindcallback": "*",
        "lodash._cacheindexof": "*",
        "lodash._createcache": "*",
        "lodash._getnative": "*",
        "lodash.clonedeep": "~4.5.0",
        "lodash.restparam": "*",
        "lodash.union": "~4.6.0",
        "lodash.uniq": "~4.5.0",
        "lodash.without": "~4.4.0",
        "lru-cache": "^4.1.5",
        "meant": "~1.0.1",
        "mississippi": "^3.0.0",
        "mkdirp": "~0.5.1",
        "move-concurrently": "^1.0.1",
        "node-gyp": "^3.8.0",
        "nopt": "~4.0.1",
        "normalize-package-data": "^2.5.0",
        "npm-audit-report": "^1.3.2",
        "npm-cache-filename": "~1.0.2",
        "npm-install-checks": "~3.0.0",
        "npm-lifecycle": "^2.1.0",
        "npm-package-arg": "^6.1.0",
        "npm-packlist": "^1.4.1",
        "npm-pick-manifest": "^2.2.3",
        "npm-profile": "*",
        "npm-registry-fetch": "^3.9.0",
        "npm-user-validate": "~1.0.0",
        "npmlog": "~4.1.2",
        "once": "~1.4.0",
        "opener": "^1.5.1",
        "osenv": "^0.1.5",
        "pacote": "^9.5.0",
        "path-is-inside": "~1.0.2",
        "promise-inflight": "~1.0.1",
        "qrcode-terminal": "^0.12.0",
        "query-string": "^6.2.0",
        "qw": "~1.0.1",
        "read": "~1.0.7",
        "read-cmd-shim": "~1.0.1",
        "read-installed": "~4.0.3",
        "read-package-json": "^2.0.13",
        "read-package-tree": "^5.2.2",
        "readable-stream": "^3.1.1",
        "readdir-scoped-modules": "*",
        "request": "^2.88.0",
        "retry": "^0.12.0",
        "rimraf": "^2.6.3",
        "safe-buffer": "^5.1.2",
        "semver": "^5.6.0",
        "sha": "~2.0.1",
        "slide": "~1.1.6",
        "sorted-object": "~2.0.1",
        "sorted-union-stream": "~2.1.3",
        "ssri": "^6.0.1",
        "stringify-package": "^1.0.0",
        "tar": "^4.4.8",
        "text-table": "~0.2.0",
        "tiny-relative-date": "^1.3.0",
        "uid-number": "0.0.6",
        "umask": "~1.1.0",
        "unique-filename": "^1.1.1",
        "unpipe": "~1.0.0",
        "update-notifier": "^2.5.0",
        "uuid": "^3.3.2",
        "validate-npm-package-license": "^3.0.4",
        "validate-npm-package-name": "~3.0.0",
        "which": "^1.3.1",
        "worker-farm": "^1.6.0",
        "write-file-atomic": "^2.4.2"
      }
    },
    "opusscript": {
      "version": "0.0.6"
    },
    "pretty-ms": {
      "version": "3.2.0",
      "requires": {
        "parse-ms": "^1.0.0"
      }
    },
    "prism-media": {
      "version": "0.0.3",
      "resolved": "https://registry.npmjs.org/prism-media/-/prism-media-0.0.3.tgz",
      "integrity": "sha512-c9KkNifSMU/iXT8FFTaBwBMr+rdVcN+H/uNv1o+CuFeTThNZNTOrQ+RgXA1yL/DeLk098duAeRPP3QNPNbhxYQ=="
    },
    "python": {
      "version": "0.0.4"
    },
    "queue": {
      "version": "4.5.1",
      "requires": {
        "inherits": "~2.0.0"
      }
    },
    "quick.db": {
      "version": "6.3.1",
      "resolved": "https://registry.npmjs.org/quick.db/-/quick.db-2.0.13.tgz",
      "integrity": "sha512-Igt1MA/Nhm9QUIximuigIFfKOJNVkXxQsu7a1JRS5yFOQtBm+JJdcqgoDQcUHJkA5F7kwiLTeVx6MxPoKjLjOg==",
      "requires": {
        "better-sqlite3": "^4.1.0",
        "express": "^4.16.3",
        "lodash.get": "^4.4.2",
        "lodash.set": "^4.3.2",
        "lodash.sortby": "^4.7.0",
        "socket.io": "^2.1.0"
      }
    },
    "random-number": {
      "version": "0.0.9"
    },
    "rebuild": {
      "version": "0.1.2",
      "requires": {
        "optimist": "0.3.x"
      }
    },
    "router": {
      "version": "1.3.3",
      "requires": {
        "array-flatten": "2.1.1",
        "debug": "2.6.9",
        "methods": "~1.1.2",
        "parseurl": "~1.3.2",
        "path-to-regexp": "0.1.7",
        "setprototypeof": "1.1.0",
        "utils-merge": "1.0.1"
      }
    },
    "simple-youtube-api": {
      "version": "5.1.1",
      "requires": {
        "iso8601-duration": "^1.0.0",
        "node-fetch": "^2.2.1"
      }
    },
    "snekfetch": {
      "version": "3.6.4"
    },
    "sqlite": {
      "version": "2.9.3",
      "requires": {
        "sqlite3": "^4.0.0"
      }
    },
    "sqlite3": {
      "version": "4.0.8",
      "requires": {
        "nan": "^2.12.1",
        "node-pre-gyp": "^0.11.0",
        "request": "^2.87.0"
      }
    },
    "table": {
      "version": "4.0.3",
      "requires": {
        "ajv": "^6.0.1",
        "ajv-keywords": "^3.0.0",
        "chalk": "^2.1.0",
        "lodash": "^4.17.4",
        "slice-ansi": "1.0.0",
        "string-width": "^2.1.1"
      }
    },
    "to-time": {
      "version": "1.0.2",
      "resolved": "https://registry.npmjs.org/to-time/-/to-time-1.0.2.tgz",
      "integrity": "sha1-T4FFoH2F9jVqYuHOoKep5mYXduM=",
      "requires": {
        "bignumber.js": "^2.4.0"
      }
    },
    "tweetnacl": {
      "version": "1.0.1",
      "resolved": "https://registry.npmjs.org/tweetnacl/-/tweetnacl-1.0.1.tgz",
      "integrity": "sha512-kcoMoKTPYnoeS50tzoqjPY3Uv9axeuuFAZY9M/9zFnhoVvRfxz9K29IMPD7jGmt2c8SW7i3gT9WqDl2+nV7p4A=="
    },
    "ws": {
      "version": "6.2.1",
      "resolved": "https://registry.npmjs.org/ws/-/ws-6.2.1.tgz",
      "integrity": "sha512-GIyAXC2cB7LjvpgMt9EKS2ldqr0MTrORaleiOno6TweZ6r3TKtoFQWay/2PceJ3RuBasOHzXNn5Lrw1X0bEjqA==",
      "requires": {
        "async-limiter": "~1.0.0"
      },
      "dependencies": {
        "async-limiter": {
          "version": "1.0.0",
          "resolved": "https://registry.npmjs.org/async-limiter/-/async-limiter-1.0.0.tgz",
          "integrity": "sha512-jp/uFnooOiO+L211eZOoSyzpOITMXx1rBITauYykG3BRYPu8h0UcxsPNB04RR5vo4Tyz3+ay17tR6JVf9qzYWg=="
        }
      }
    },
    "youtube-info": {
      "version": "1.3.2",
      "requires": {
        "cheerio": "^0.19.0",
        "debug": "^2.2.0",
        "lodash.isfunction": "^3.0.6",
        "request": "2.81.0",
        "request-promise": "^4.2.2"
      }
    },
    "youtube-search": {
      "version": "1.1.4",
      "requires": {
        "axios": "^0.18.0",
        "xml2js": "~0.2.8"
      }
    },
    "ytdl-core": {
      "version": "0.20.4",
      "requires": {
        "html-entities": "^1.1.3",
        "m3u8stream": "^0.2.1",
        "miniget": "^1.1.0",
        "sax": "^1.1.3"
      }
    },
    "zalgolize": {
      "version": "1.2.4",
      "requires": {
        "minimist": "^1.2.0",
        "trials": "^1.0.0"
      }
    }
  }
}
